// !$*UTF8*$!
{
	archiveVersion = 1;
	classes = {
	};
	objectVersion = 56;
	objects = {

/* Begin PBXBuildFile section */
		80906E092AE1276500ABCF12 /* WikipediaExplorerApp.swift in Sources */ = {isa = PBXBuildFile; fileRef = 80906E082AE1276500ABCF12 /* WikipediaExplorerApp.swift */; };
		80906E0B2AE1276500ABCF12 /* ContentView.swift in Sources */ = {isa = PBXBuildFile; fileRef = 80906E0A2AE1276500ABCF12 /* ContentView.swift */; };
		80906E0D2AE1276900ABCF12 /* Assets.xcassets in Resources */ = {isa = PBXBuildFile; fileRef = 80906E0C2AE1276900ABCF12 /* Assets.xcassets */; };
		80906E102AE1276900ABCF12 /* Preview Assets.xcassets in Resources */ = {isa = PBXBuildFile; fileRef = 80906E0F2AE1276900ABCF12 /* Preview Assets.xcassets */; };
		80906E1A2AE1276A00ABCF12 /* WikipediaExplorerTests.swift in Sources */ = {isa = PBXBuildFile; fileRef = 80906E192AE1276A00ABCF12 /* WikipediaExplorerTests.swift */; };
		80906E242AE1276A00ABCF12 /* WikipediaExplorerUITests.swift in Sources */ = {isa = PBXBuildFile; fileRef = 80906E232AE1276A00ABCF12 /* WikipediaExplorerUITests.swift */; };
		80906E262AE1276A00ABCF12 /* WikipediaExplorerUITestsLaunchTests.swift in Sources */ = {isa = PBXBuildFile; fileRef = 80906E252AE1276A00ABCF12 /* WikipediaExplorerUITestsLaunchTests.swift */; };
/* End PBXBuildFile section */

/* Begin PBXContainerItemProxy section */
		80906E162AE1276A00ABCF12 /* PBXContainerItemProxy */ = {
			isa = PBXContainerItemProxy;
			containerPortal = 80906DFD2AE1276500ABCF12 /* Project object */;
			proxyType = 1;
			remoteGlobalIDString = 80906E042AE1276500ABCF12;
			remoteInfo = WikipediaExplorer;
		};
		80906E202AE1276A00ABCF12 /* PBXContainerItemProxy */ = {
			isa = PBXContainerItemProxy;
			containerPortal = 80906DFD2AE1276500ABCF12 /* Project object */;
			proxyType = 1;
			remoteGlobalIDString = 80906E042AE1276500ABCF12;
			remoteInfo = WikipediaExplorer;
		};
/* End PBXContainerItemProxy section */

/* Begin PBXFileReference section */
		80906E052AE1276500ABCF12 /* WikipediaExplorer.app */ = {isa = PBXFileReference; explicitFileType = wrapper.application; includeInIndex = 0; path = WikipediaExplorer.app; sourceTree = BUILT_PRODUCTS_DIR; };
		80906E082AE1276500ABCF12 /* WikipediaExplorerApp.swift */ = {isa = PBXFileReference; lastKnownFileType = sourcecode.swift; path = WikipediaExplorerApp.swift; sourceTree = "<group>"; };
		80906E0A2AE1276500ABCF12 /* ContentView.swift */ = {isa = PBXFileReference; lastKnownFileType = sourcecode.swift; path = ContentView.swift; sourceTree = "<group>"; };
		80906E0C2AE1276900ABCF12 /* Assets.xcassets */ = {isa = PBXFileReference; lastKnownFileType = folder.assetcatalog; path = Assets.xcassets; sourceTree = "<group>"; };
		80906E0F2AE1276900ABCF12 /* Preview Assets.xcassets */ = {isa = PBXFileReference; lastKnownFileType = folder.assetcatalog; path = "Preview Assets.xcassets"; sourceTree = "<group>"; };
		80906E152AE1276A00ABCF12 /* WikipediaExplorerTests.xctest */ = {isa = PBXFileReference; explicitFileType = wrapper.cfbundle; includeInIndex = 0; path = WikipediaExplorerTests.xctest; sourceTree = BUILT_PRODUCTS_DIR; };
		80906E192AE1276A00ABCF12 /* WikipediaExplorerTests.swift */ = {isa = PBXFileReference; lastKnownFileType = sourcecode.swift; path = WikipediaExplorerTests.swift; sourceTree = "<group>"; };
		80906E1F2AE1276A00ABCF12 /* WikipediaExplorerUITests.xctest */ = {isa = PBXFileReference; explicitFileType = wrapper.cfbundle; includeInIndex = 0; path = WikipediaExplorerUITests.xctest; sourceTree = BUILT_PRODUCTS_DIR; };
		80906E232AE1276A00ABCF12 /* WikipediaExplorerUITests.swift */ = {isa = PBXFileReference; lastKnownFileType = sourcecode.swift; path = WikipediaExplorerUITests.swift; sourceTree = "<group>"; };
		80906E252AE1276A00ABCF12 /* WikipediaExplorerUITestsLaunchTests.swift */ = {isa = PBXFileReference; lastKnownFileType = sourcecode.swift; path = WikipediaExplorerUITestsLaunchTests.swift; sourceTree = "<group>"; };
/* End PBXFileReference section */

/* Begin PBXFrameworksBuildPhase section */
		80906E022AE1276500ABCF12 /* Frameworks */ = {
			isa = PBXFrameworksBuildPhase;
			buildActionMask = 2147483647;
			files = (
			);
			runOnlyForDeploymentPostprocessing = 0;
		};
		80906E122AE1276A00ABCF12 /* Frameworks */ = {
			isa = PBXFrameworksBuildPhase;
			buildActionMask = 2147483647;
			files = (
			);
			runOnlyForDeploymentPostprocessing = 0;
		};
		80906E1C2AE1276A00ABCF12 /* Frameworks */ = {
			isa = PBXFrameworksBuildPhase;
			buildActionMask = 2147483647;
			files = (
			);
			runOnlyForDeploymentPostprocessing = 0;
		};
/* End PBXFrameworksBuildPhase section */

/* Begin PBXGroup section */
		80906DFC2AE1276500ABCF12 = {
			isa = PBXGroup;
			children = (
				80906E072AE1276500ABCF12 /* WikipediaExplorer */,
				80906E182AE1276A00ABCF12 /* WikipediaExplorerTests */,
				80906E222AE1276A00ABCF12 /* WikipediaExplorerUITests */,
				80906E062AE1276500ABCF12 /* Products */,
			);
			sourceTree = "<group>";
		};
		80906E062AE1276500ABCF12 /* Products */ = {
			isa = PBXGroup;
			children = (
				80906E052AE1276500ABCF12 /* WikipediaExplorer.app */,
				80906E152AE1276A00ABCF12 /* WikipediaExplorerTests.xctest */,
				80906E1F2AE1276A00ABCF12 /* WikipediaExplorerUITests.xctest */,
			);
			name = Products;
			sourceTree = "<group>";
		};
		80906E072AE1276500ABCF12 /* WikipediaExplorer */ = {
			isa = PBXGroup;
			children = (
				80906E082AE1276500ABCF12 /* WikipediaExplorerApp.swift */,
				80906E0A2AE1276500ABCF12 /* ContentView.swift */,
				80906E0C2AE1276900ABCF12 /* Assets.xcassets */,
				80906E0E2AE1276900ABCF12 /* Preview Content */,
			);
			path = WikipediaExplorer;
			sourceTree = "<group>";
		};
		80906E0E2AE1276900ABCF12 /* Preview Content */ = {
			isa = PBXGroup;
			children = (
				80906E0F2AE1276900ABCF12 /* Preview Assets.xcassets */,
			);
			path = "Preview Content";
			sourceTree = "<group>";
		};
		80906E182AE1276A00ABCF12 /* WikipediaExplorerTests */ = {
			isa = PBXGroup;
			children = (
				80906E192AE1276A00ABCF12 /* WikipediaExplorerTests.swift */,
			);
			path = WikipediaExplorerTests;
			sourceTree = "<group>";
		};
		80906E222AE1276A00ABCF12 /* WikipediaExplorerUITests */ = {
			isa = PBXGroup;
			children = (
				80906E232AE1276A00ABCF12 /* WikipediaExplorerUITests.swift */,
				80906E252AE1276A00ABCF12 /* WikipediaExplorerUITestsLaunchTests.swift */,
			);
			path = WikipediaExplorerUITests;
			sourceTree = "<group>";
		};
/* End PBXGroup section */

/* Begin PBXNativeTarget section */
		80906E042AE1276500ABCF12 /* WikipediaExplorer */ = {
			isa = PBXNativeTarget;
			buildConfigurationList = 80906E292AE1276A00ABCF12 /* Build configuration list for PBXNativeTarget "WikipediaExplorer" */;
			buildPhases = (
				80906E012AE1276500ABCF12 /* Sources */,
				80906E022AE1276500ABCF12 /* Frameworks */,
				80906E032AE1276500ABCF12 /* Resources */,
			);
			buildRules = (
			);
			dependencies = (
			);
			name = WikipediaExplorer;
			productName = WikipediaExplorer;
			productReference = 80906E052AE1276500ABCF12 /* WikipediaExplorer.app */;
			productType = "com.apple.product-type.application";
		};
		80906E142AE1276A00ABCF12 /* WikipediaExplorerTests */ = {
			isa = PBXNativeTarget;
			buildConfigurationList = 80906E2C2AE1276A00ABCF12 /* Build configuration list for PBXNativeTarget "WikipediaExplorerTests" */;
			buildPhases = (
				80906E112AE1276A00ABCF12 /* Sources */,
				80906E122AE1276A00ABCF12 /* Frameworks */,
				80906E132AE1276A00ABCF12 /* Resources */,
			);
			buildRules = (
			);
			dependencies = (
				80906E172AE1276A00ABCF12 /* PBXTargetDependency */,
			);
			name = WikipediaExplorerTests;
			productName = WikipediaExplorerTests;
			productReference = 80906E152AE1276A00ABCF12 /* WikipediaExplorerTests.xctest */;
			productType = "com.apple.product-type.bundle.unit-test";
		};
		80906E1E2AE1276A00ABCF12 /* WikipediaExplorerUITests */ = {
			isa = PBXNativeTarget;
			buildConfigurationList = 80906E2F2AE1276A00ABCF12 /* Build configuration list for PBXNativeTarget "WikipediaExplorerUITests" */;
			buildPhases = (
				80906E1B2AE1276A00ABCF12 /* Sources */,
				80906E1C2AE1276A00ABCF12 /* Frameworks */,
				80906E1D2AE1276A00ABCF12 /* Resources */,
			);
			buildRules = (
			);
			dependencies = (
				80906E212AE1276A00ABCF12 /* PBXTargetDependency */,
			);
			name = WikipediaExplorerUITests;
			productName = WikipediaExplorerUITests;
			productReference = 80906E1F2AE1276A00ABCF12 /* WikipediaExplorerUITests.xctest */;
			productType = "com.apple.product-type.bundle.ui-testing";
		};
/* End PBXNativeTarget section */

/* Begin PBXProject section */
		80906DFD2AE1276500ABCF12 /* Project object */ = {
			isa = PBXProject;
			attributes = {
				BuildIndependentTargetsInParallel = 1;
				LastSwiftUpdateCheck = 1420;
				LastUpgradeCheck = 1420;
				TargetAttributes = {
					80906E042AE1276500ABCF12 = {
						CreatedOnToolsVersion = 14.2;
					};
					80906E142AE1276A00ABCF12 = {
						CreatedOnToolsVersion = 14.2;
						TestTargetID = 80906E042AE1276500ABCF12;
					};
					80906E1E2AE1276A00ABCF12 = {
						CreatedOnToolsVersion = 14.2;
						TestTargetID = 80906E042AE1276500ABCF12;
					};
				};
			};
			buildConfigurationList = 80906E002AE1276500ABCF12 /* Build configuration list for PBXProject "WikipediaExplorer" */;
			compatibilityVersion = "Xcode 14.0";
			developmentRegion = en;
			hasScannedForEncodings = 0;
			knownRegions = (
				en,
				Base,
			);
			mainGroup = 80906DFC2AE1276500ABCF12;
			productRefGroup = 80906E062AE1276500ABCF12 /* Products */;
			projectDirPath = "";
			projectRoot = "";
			targets = (
				80906E042AE1276500ABCF12 /* WikipediaExplorer */,
				80906E142AE1276A00ABCF12 /* WikipediaExplorerTests */,
				80906E1E2AE1276A00ABCF12 /* WikipediaExplorerUITests */,
			);
		};
/* End PBXProject section */

/* Begin PBXResourcesBuildPhase section */
		80906E032AE1276500ABCF12 /* Resources */ = {
			isa = PBXResourcesBuildPhase;
			buildActionMask = 2147483647;
			files = (
				80906E102AE1276900ABCF12 /* Preview Assets.xcassets in Resources */,
				80906E0D2AE1276900ABCF12 /* Assets.xcassets in Resources */,
			);
			runOnlyForDeploymentPostprocessing = 0;
		};
		80906E132AE1276A00ABCF12 /* Resources */ = {
			isa = PBXResourcesBuildPhase;
			buildActionMask = 2147483647;
			files = (
			);
			runOnlyForDeploymentPostprocessing = 0;
		};
		80906E1D2AE1276A00ABCF12 /* Resources */ = {
			isa = PBXResourcesBuildPhase;
			buildActionMask = 2147483647;
			files = (
			);
			runOnlyForDeploymentPostprocessing = 0;
		};
/* End PBXResourcesBuildPhase section */

/* Begin PBXSourcesBuildPhase section */
		80906E012AE1276500ABCF12 /* Sources */ = {
			isa = PBXSourcesBuildPhase;
			buildActionMask = 2147483647;
			files = (
				80906E0B2AE1276500ABCF12 /* ContentView.swift in Sources */,
				80906E092AE1276500ABCF12 /* WikipediaExplorerApp.swift in Sources */,
			);
			runOnlyForDeploymentPostprocessing = 0;
		};
		80906E112AE1276A00ABCF12 /* Sources */ = {
			isa = PBXSourcesBuildPhase;
			buildActionMask = 2147483647;
			files = (
				80906E1A2AE1276A00ABCF12 /* WikipediaExplorerTests.swift in Sources */,
			);
			runOnlyForDeploymentPostprocessing = 0;
		};
		80906E1B2AE1276A00ABCF12 /* Sources */ = {
			isa = PBXSourcesBuildPhase;
			buildActionMask = 2147483647;
			files = (
				80906E242AE1276A00ABCF12 /* WikipediaExplorerUITests.swift in Sources */,
				80906E262AE1276A00ABCF12 /* WikipediaExplorerUITestsLaunchTests.swift in Sources */,
			);
			runOnlyForDeploymentPostprocessing = 0;
		};
/* End PBXSourcesBuildPhase section */

/* Begin PBXTargetDependency section */
		80906E172AE1276A00ABCF12 /* PBXTargetDependency */ = {
			isa = PBXTargetDependency;
			target = 80906E042AE1276500ABCF12 /* WikipediaExplorer */;
			targetProxy = 80906E162AE1276A00ABCF12 /* PBXContainerItemProxy */;
		};
		80906E212AE1276A00ABCF12 /* PBXTargetDependency */ = {
			isa = PBXTargetDependency;
			target = 80906E042AE1276500ABCF12 /* WikipediaExplorer */;
			targetProxy = 80906E202AE1276A00ABCF12 /* PBXContainerItemProxy */;
		};
/* End PBXTargetDependency section */

/* Begin XCBuildConfiguration section */
		80906E272AE1276A00ABCF12 /* Debug */ = {
			isa = XCBuildConfiguration;
			buildSettings = {
				ALWAYS_SEARCH_USER_PATHS = NO;
				CLANG_ANALYZER_NONNULL = YES;
				CLANG_ANALYZER_NUMBER_OBJECT_CONVERSION = YES_AGGRESSIVE;
				CLANG_CXX_LANGUAGE_STANDARD = "gnu++20";
				CLANG_ENABLE_MODULES = YES;
				CLANG_ENABLE_OBJC_ARC = YES;
				CLANG_ENABLE_OBJC_WEAK = YES;
				CLANG_WARN_BLOCK_CAPTURE_AUTORELEASING = YES;
				CLANG_WARN_BOOL_CONVERSION = YES;
				CLANG_WARN_COMMA = YES;
				CLANG_WARN_CONSTANT_CONVERSION = YES;
				CLANG_WARN_DEPRECATED_OBJC_IMPLEMENTATIONS = YES;
				CLANG_WARN_DIRECT_OBJC_ISA_USAGE = YES_ERROR;
				CLANG_WARN_DOCUMENTATION_COMMENTS = YES;
				CLANG_WARN_EMPTY_BODY = YES;
				CLANG_WARN_ENUM_CONVERSION = YES;
				CLANG_WARN_INFINITE_RECURSION = YES;
				CLANG_WARN_INT_CONVERSION = YES;
				CLANG_WARN_NON_LITERAL_NULL_CONVERSION = YES;
				CLANG_WARN_OBJC_IMPLICIT_RETAIN_SELF = YES;
				CLANG_WARN_OBJC_LITERAL_CONVERSION = YES;
				CLANG_WARN_OBJC_ROOT_CLASS = YES_ERROR;
				CLANG_WARN_QUOTED_INCLUDE_IN_FRAMEWORK_HEADER = YES;
				CLANG_WARN_RANGE_LOOP_ANALYSIS = YES;
				CLANG_WARN_STRICT_PROTOTYPES = YES;
				CLANG_WARN_SUSPICIOUS_MOVE = YES;
				CLANG_WARN_UNGUARDED_AVAILABILITY = YES_AGGRESSIVE;
				CLANG_WARN_UNREACHABLE_CODE = YES;
				CLANG_WARN__DUPLICATE_METHOD_MATCH = YES;
				COPY_PHASE_STRIP = NO;
				DEBUG_INFORMATION_FORMAT = dwarf;
				ENABLE_STRICT_OBJC_MSGSEND = YES;
				ENABLE_TESTABILITY = YES;
				GCC_C_LANGUAGE_STANDARD = gnu11;
				GCC_DYNAMIC_NO_PIC = NO;
				GCC_NO_COMMON_BLOCKS = YES;
				GCC_OPTIMIZATION_LEVEL = 0;
				GCC_PREPROCESSOR_DEFINITIONS = (
					"DEBUG=1",
					"$(inherited)",
				);
				GCC_WARN_64_TO_32_BIT_CONVERSION = YES;
				GCC_WARN_ABOUT_RETURN_TYPE = YES_ERROR;
				GCC_WARN_UNDECLARED_SELECTOR = YES;
				GCC_WARN_UNINITIALIZED_AUTOS = YES_AGGRESSIVE;
				GCC_WARN_UNUSED_FUNCTION = YES;
				GCC_WARN_UNUSED_VARIABLE = YES;
				IPHONEOS_DEPLOYMENT_TARGET = 16.2;
				MTL_ENABLE_DEBUG_INFO = INCLUDE_SOURCE;
				MTL_FAST_MATH = YES;
				ONLY_ACTIVE_ARCH = YES;
				SDKROOT = iphoneos;
				SWIFT_ACTIVE_COMPILATION_CONDITIONS = DEBUG;
				SWIFT_OPTIMIZATION_LEVEL = "-Onone";
			};
			name = Debug;
		};
		80906E282AE1276A00ABCF12 /* Release */ = {
			isa = XCBuildConfiguration;
			buildSettings = {
				ALWAYS_SEARCH_USER_PATHS = NO;
				CLANG_ANALYZER_NONNULL = YES;
				CLANG_ANALYZER_NUMBER_OBJECT_CONVERSION = YES_AGGRESSIVE;
				CLANG_CXX_LANGUAGE_STANDARD = "gnu++20";
				CLANG_ENABLE_MODULES = YES;
				CLANG_ENABLE_OBJC_ARC = YES;
				CLANG_ENABLE_OBJC_WEAK = YES;
				CLANG_WARN_BLOCK_CAPTURE_AUTORELEASING = YES;
				CLANG_WARN_BOOL_CONVERSION = YES;
				CLANG_WARN_COMMA = YES;
				CLANG_WARN_CONSTANT_CONVERSION = YES;
				CLANG_WARN_DEPRECATED_OBJC_IMPLEMENTATIONS = YES;
				CLANG_WARN_DIRECT_OBJC_ISA_USAGE = YES_ERROR;
				CLANG_WARN_DOCUMENTATION_COMMENTS = YES;
				CLANG_WARN_EMPTY_BODY = YES;
				CLANG_WARN_ENUM_CONVERSION = YES;
				CLANG_WARN_INFINITE_RECURSION = YES;
				CLANG_WARN_INT_CONVERSION = YES;
				CLANG_WARN_NON_LITERAL_NULL_CONVERSION = YES;
				CLANG_WARN_OBJC_IMPLICIT_RETAIN_SELF = YES;
				CLANG_WARN_OBJC_LITERAL_CONVERSION = YES;
				CLANG_WARN_OBJC_ROOT_CLASS = YES_ERROR;
				CLANG_WARN_QUOTED_INCLUDE_IN_FRAMEWORK_HEADER = YES;
				CLANG_WARN_RANGE_LOOP_ANALYSIS = YES;
				CLANG_WARN_STRICT_PROTOTYPES = YES;
				CLANG_WARN_SUSPICIOUS_MOVE = YES;
				CLANG_WARN_UNGUARDED_AVAILABILITY = YES_AGGRESSIVE;
				CLANG_WARN_UNREACHABLE_CODE = YES;
				CLANG_WARN__DUPLICATE_METHOD_MATCH = YES;
				COPY_PHASE_STRIP = NO;
				DEBUG_INFORMATION_FORMAT = "dwarf-with-dsym";
				ENABLE_NS_ASSERTIONS = NO;
				ENABLE_STRICT_OBJC_MSGSEND = YES;
				GCC_C_LANGUAGE_STANDARD = gnu11;
				GCC_NO_COMMON_BLOCKS = YES;
				GCC_WARN_64_TO_32_BIT_CONVERSION = YES;
				GCC_WARN_ABOUT_RETURN_TYPE = YES_ERROR;
				GCC_WARN_UNDECLARED_SELECTOR = YES;
				GCC_WARN_UNINITIALIZED_AUTOS = YES_AGGRESSIVE;
				GCC_WARN_UNUSED_FUNCTION = YES;
				GCC_WARN_UNUSED_VARIABLE = YES;
				IPHONEOS_DEPLOYMENT_TARGET = 16.2;
				MTL_ENABLE_DEBUG_INFO = NO;
				MTL_FAST_MATH = YES;
				SDKROOT = iphoneos;
				SWIFT_COMPILATION_MODE = wholemodule;
				SWIFT_OPTIMIZATION_LEVEL = "-O";
				VALIDATE_PRODUCT = YES;
			};
			name = Release;
		};
		80906E2A2AE1276A00ABCF12 /* Debug */ = {
			isa = XCBuildConfiguration;
			buildSettings = {
				ASSETCATALOG_COMPILER_APPICON_NAME = AppIcon;
				ASSETCATALOG_COMPILER_GLOBAL_ACCENT_COLOR_NAME = AccentColor;
				CODE_SIGN_STYLE = Automatic;
				CURRENT_PROJECT_VERSION = 1;
				DEVELOPMENT_ASSET_PATHS = "\"WikipediaExplorer/Preview Content\"";
				ENABLE_PREVIEWS = YES;
				GENERATE_INFOPLIST_FILE = YES;
				INFOPLIST_KEY_UIApplicationSceneManifest_Generation = YES;
				INFOPLIST_KEY_UIApplicationSupportsIndirectInputEvents = YES;
				INFOPLIST_KEY_UILaunchScreen_Generation = YES;
				INFOPLIST_KEY_UISupportedInterfaceOrientations_iPad = "UIInterfaceOrientationPortrait UIInterfaceOrientationPortraitUpsideDown UIInterfaceOrientationLandscapeLeft UIInterfaceOrientationLandscapeRight";
				INFOPLIST_KEY_UISupportedInterfaceOrientations_iPhone = "UIInterfaceOrientationPortrait UIInterfaceOrientationLandscapeLeft UIInterfaceOrientationLandscapeRight";
				LD_RUNPATH_SEARCH_PATHS = (
					"$(inherited)",
					"@executable_path/Frameworks",
				);
				MARKETING_VERSION = 1.0;
				PRODUCT_BUNDLE_IDENTIFIER = com.ios.WikipediaExplorer;
				PRODUCT_NAME = "$(TARGET_NAME)";
				SWIFT_EMIT_LOC_STRINGS = YES;
				SWIFT_VERSION = 5.0;
				TARGETED_DEVICE_FAMILY = "1,2";
			};
			name = Debug;
		};
		80906E2B2AE1276A00ABCF12 /* Release */ = {
			isa = XCBuildConfiguration;
			buildSettings = {
				ASSETCATALOG_COMPILER_APPICON_NAME = AppIcon;
				ASSETCATALOG_COMPILER_GLOBAL_ACCENT_COLOR_NAME = AccentColor;
				CODE_SIGN_STYLE = Automatic;
				CURRENT_PROJECT_VERSION = 1;
				DEVELOPMENT_ASSET_PATHS = "\"WikipediaExplorer/Preview Content\"";
				ENABLE_PREVIEWS = YES;
				GENERATE_INFOPLIST_FILE = YES;
				INFOPLIST_KEY_UIApplicationSceneManifest_Generation = YES;
				INFOPLIST_KEY_UIApplicationSupportsIndirectInputEvents = YES;
				INFOPLIST_KEY_UILaunchScreen_Generation = YES;
				INFOPLIST_KEY_UISupportedInterfaceOrientations_iPad = "UIInterfaceOrientationPortrait UIInterfaceOrientationPortraitUpsideDown UIInterfaceOrientationLandscapeLeft UIInterfaceOrientationLandscapeRight";
				INFOPLIST_KEY_UISupportedInterfaceOrientations_iPhone = "UIInterfaceOrientationPortrait UIInterfaceOrientationLandscapeLeft UIInterfaceOrientationLandscapeRight";
				LD_RUNPATH_SEARCH_PATHS = (
					"$(inherited)",
					"@executable_path/Frameworks",
				);
				MARKETING_VERSION = 1.0;
				PRODUCT_BUNDLE_IDENTIFIER = com.ios.WikipediaExplorer;
				PRODUCT_NAME = "$(TARGET_NAME)";
				SWIFT_EMIT_LOC_STRINGS = YES;
				SWIFT_VERSION = 5.0;
				TARGETED_DEVICE_FAMILY = "1,2";
			};
			name = Release;
		};
		80906E2D2AE1276A00ABCF12 /* Debug */ = {
			isa = XCBuildConfiguration;
			buildSettings = {
				ALWAYS_EMBED_SWIFT_STANDARD_LIBRARIES = YES;
				BUNDLE_LOADER = "$(TEST_HOST)";
				CODE_SIGN_STYLE = Automatic;
				CURRENT_PROJECT_VERSION = 1;
				GENERATE_INFOPLIST_FILE = YES;
				IPHONEOS_DEPLOYMENT_TARGET = 16.2;
				MARKETING_VERSION = 1.0;
				PRODUCT_BUNDLE_IDENTIFIER = com.ios.WikipediaExplorerTests;
				PRODUCT_NAME = "$(TARGET_NAME)";
				SWIFT_EMIT_LOC_STRINGS = NO;
				SWIFT_VERSION = 5.0;
				TARGETED_DEVICE_FAMILY = "1,2";
				TEST_HOST = "$(BUILT_PRODUCTS_DIR)/WikipediaExplorer.app/$(BUNDLE_EXECUTABLE_FOLDER_PATH)/WikipediaExplorer";
			};
			name = Debug;
		};
		80906E2E2AE1276A00ABCF12 /* Release */ = {
			isa = XCBuildConfiguration;
			buildSettings = {
				ALWAYS_EMBED_SWIFT_STANDARD_LIBRARIES = YES;
				BUNDLE_LOADER = "$(TEST_HOST)";
				CODE_SIGN_STYLE = Automatic;
				CURRENT_PROJECT_VERSION = 1;
				GENERATE_INFOPLIST_FILE = YES;
				IPHONEOS_DEPLOYMENT_TARGET = 16.2;
				MARKETING_VERSION = 1.0;
				PRODUCT_BUNDLE_IDENTIFIER = com.ios.WikipediaExplorerTests;
				PRODUCT_NAME = "$(TARGET_NAME)";
				SWIFT_EMIT_LOC_STRINGS = NO;
				SWIFT_VERSION = 5.0;
				TARGETED_DEVICE_FAMILY = "1,2";
				TEST_HOST = "$(BUILT_PRODUCTS_DIR)/WikipediaExplorer.app/$(BUNDLE_EXECUTABLE_FOLDER_PATH)/WikipediaExplorer";
			};
			name = Release;
		};
		80906E302AE1276A00ABCF12 /* Debug */ = {
			isa = XCBuildConfiguration;
			buildSettings = {
				ALWAYS_EMBED_SWIFT_STANDARD_LIBRARIES = YES;
				CODE_SIGN_STYLE = Automatic;
				CURRENT_PROJECT_VERSION = 1;
				GENERATE_INFOPLIST_FILE = YES;
				MARKETING_VERSION = 1.0;
				PRODUCT_BUNDLE_IDENTIFIER = com.ios.WikipediaExplorerUITests;
				PRODUCT_NAME = "$(TARGET_NAME)";
				SWIFT_EMIT_LOC_STRINGS = NO;
				SWIFT_VERSION = 5.0;
				TARGETED_DEVICE_FAMILY = "1,2";
				TEST_TARGET_NAME = WikipediaExplorer;
			};
			name = Debug;
		};
		80906E312AE1276A00ABCF12 /* Release */ = {
			isa = XCBuildConfiguration;
			buildSettings = {
				ALWAYS_EMBED_SWIFT_STANDARD_LIBRARIES = YES;
				CODE_SIGN_STYLE = Automatic;
				CURRENT_PROJECT_VERSION = 1;
				GENERATE_INFOPLIST_FILE = YES;
				MARKETING_VERSION = 1.0;
				PRODUCT_BUNDLE_IDENTIFIER = com.ios.WikipediaExplorerUITests;
				PRODUCT_NAME = "$(TARGET_NAME)";
				SWIFT_EMIT_LOC_STRINGS = NO;
				SWIFT_VERSION = 5.0;
				TARGETED_DEVICE_FAMILY = "1,2";
				TEST_TARGET_NAME = WikipediaExplorer;
			};
			name = Release;
		};
/* End XCBuildConfiguration section */

/* Begin XCConfigurationList section */
		80906E002AE1276500ABCF12 /* Build configuration list for PBXProject "WikipediaExplorer" */ = {
			isa = XCConfigurationList;
			buildConfigurations = (
				80906E272AE1276A00ABCF12 /* Debug */,
				80906E282AE1276A00ABCF12 /* Release */,
			);
			defaultConfigurationIsVisible = 0;
			defaultConfigurationName = Release;
		};
		80906E292AE1276A00ABCF12 /* Build configuration list for PBXNativeTarget "WikipediaExplorer" */ = {
			isa = XCConfigurationList;
			buildConfigurations = (
				80906E2A2AE1276A00ABCF12 /* Debug */,
				80906E2B2AE1276A00ABCF12 /* Release */,
			);
			defaultConfigurationIsVisible = 0;
			defaultConfigurationName = Release;
		};
		80906E2C2AE1276A00ABCF12 /* Build configuration list for PBXNativeTarget "WikipediaExplorerTests" */ = {
			isa = XCConfigurationList;
			buildConfigurations = (
				80906E2D2AE1276A00ABCF12 /* Debug */,
				80906E2E2AE1276A00ABCF12 /* Release */,
			);
			defaultConfigurationIsVisible = 0;
			defaultConfigurationName = Release;
		};
		80906E2F2AE1276A00ABCF12 /* Build configuration list for PBXNativeTarget "WikipediaExplorerUITests" */ = {
			isa = XCConfigurationList;
			buildConfigurations = (
				80906E302AE1276A00ABCF12 /* Debug */,
				80906E312AE1276A00ABCF12 /* Release */,
			);
			defaultConfigurationIsVisible = 0;
			defaultConfigurationName = Release;
		};
/* End XCConfigurationList section */
	};
	rootObject = 80906DFD2AE1276500ABCF12 /* Project object */;
}
